{
  "originHash" : "70445aa65d04d3c395387a3a4c1ca746d6118353f79d18b84628d932fede1ff0",
  "pins" : [
    {
      "identity" : "swift-api-client",
      "kind" : "remoteSourceControl",
      "location" : "https://github.com/AN01KU/Swift-API-Client.git",
      "state" : {
        "branch" : "main",
        "revision" : "899ea441e2694791495ac200c59cc94172434d39"
      }
    }
  ],
  "version" : 3
}
