{
  "originHash" : "922b952a59f91e80198d2b4ad466f2601cb86c7f1876bfd8bbf5b541e83412e4",
  "pins" : [
    {
      "identity" : "pushy-sdk-ios",
      "kind" : "remoteSourceControl",
      "location" : "https://github.com/pushy/pushy-sdk-ios",
      "state" : {
        "revision" : "2487db9eef596222111ceb85677dc8c729998672",
        "version" : "1.0.64"
      }
    },
    {
      "identity" : "swift-api-client",
      "kind" : "remoteSourceControl",
      "location" : "https://github.com/AN01KU/Swift-API-Client.git",
      "state" : {
        "branch" : "main",
        "revision" : "44803a2b077104aec09408fde91af46de662a582"
      }
    }
  ],
  "version" : 3
}
